// !$*UTF8*$!
{
	archiveVersion = 1;
	classes = {
	};
	objectVersion = 55;
	objects = {

/* Begin PBXBuildFile section */
		321E2D5C28737C8100D415B3 /* UIView+Ext.swift in Sources */ = {isa = PBXBuildFile; fileRef = 321E2D5B28737C8100D415B3 /* UIView+Ext.swift */; };
		321E2D5E2873863C00D415B3 /* UITableView+Ext.swift in Sources */ = {isa = PBXBuildFile; fileRef = 321E2D5D2873863C00D415B3 /* UITableView+Ext.swift */; };
		329BEC10286383D0009695A2 /* GHTabBarController.swift in Sources */ = {isa = PBXBuildFile; fileRef = 329BEC0F286383D0009695A2 /* GHTabBarController.swift */; };
		329BEC122863B0B5009695A2 /* GHAlertContainerView.swift in Sources */ = {isa = PBXBuildFile; fileRef = 329BEC112863B0B5009695A2 /* GHAlertContainerView.swift */; };
		329BEC142863B9D1009695A2 /* GHDataLoadingViewController.swift in Sources */ = {isa = PBXBuildFile; fileRef = 329BEC132863B9D1009695A2 /* GHDataLoadingViewController.swift */; };
		32A9685A2857A17D002D4E48 /* AppDelegate.swift in Sources */ = {isa = PBXBuildFile; fileRef = 32A968592857A17D002D4E48 /* AppDelegate.swift */; };
		32A9685C2857A17D002D4E48 /* SceneDelegate.swift in Sources */ = {isa = PBXBuildFile; fileRef = 32A9685B2857A17D002D4E48 /* SceneDelegate.swift */; };
		32A9685E2857A17D002D4E48 /* TabBarController.swift in Sources */ = {isa = PBXBuildFile; fileRef = 32A9685D2857A17D002D4E48 /* TabBarController.swift */; };
		32A968632857A180002D4E48 /* Assets.xcassets in Resources */ = {isa = PBXBuildFile; fileRef = 32A968622857A180002D4E48 /* Assets.xcassets */; };
		32A968662857A180002D4E48 /* LaunchScreen.storyboard in Resources */ = {isa = PBXBuildFile; fileRef = 32A968642857A180002D4E48 /* LaunchScreen.storyboard */; };
		32A9686F2857A5EB002D4E48 /* SearchViewController.swift in Sources */ = {isa = PBXBuildFile; fileRef = 32A9686E2857A5EB002D4E48 /* SearchViewController.swift */; };
		32A968712857A5FB002D4E48 /* FavoritesViewController.swift in Sources */ = {isa = PBXBuildFile; fileRef = 32A968702857A5FB002D4E48 /* FavoritesViewController.swift */; };
		32A968732857AA92002D4E48 /* GHButton.swift in Sources */ = {isa = PBXBuildFile; fileRef = 32A968722857AA92002D4E48 /* GHButton.swift */; };
		32A968752857AE1E002D4E48 /* GHTextField.swift in Sources */ = {isa = PBXBuildFile; fileRef = 32A968742857AE1E002D4E48 /* GHTextField.swift */; };
		32A968772857CA3F002D4E48 /* FollowerListViewController.swift in Sources */ = {isa = PBXBuildFile; fileRef = 32A968762857CA3F002D4E48 /* FollowerListViewController.swift */; };
		32A968792857D495002D4E48 /* GHTitleLabel.swift in Sources */ = {isa = PBXBuildFile; fileRef = 32A968782857D495002D4E48 /* GHTitleLabel.swift */; };
		32A9687B2857D680002D4E48 /* GHBodyLabel.swift in Sources */ = {isa = PBXBuildFile; fileRef = 32A9687A2857D680002D4E48 /* GHBodyLabel.swift */; };
		32A9687D2857D733002D4E48 /* GHAlertViewController.swift in Sources */ = {isa = PBXBuildFile; fileRef = 32A9687C2857D733002D4E48 /* GHAlertViewController.swift */; };
		32A968832857E154002D4E48 /* UIViewController+Ext.swift in Sources */ = {isa = PBXBuildFile; fileRef = 32A968822857E154002D4E48 /* UIViewController+Ext.swift */; };
		32A968892858B917002D4E48 /* Follower.swift in Sources */ = {isa = PBXBuildFile; fileRef = 32A968882858B917002D4E48 /* Follower.swift */; };
		32A9688B2858B9DE002D4E48 /* User.swift in Sources */ = {isa = PBXBuildFile; fileRef = 32A9688A2858B9DE002D4E48 /* User.swift */; };
		32A9688F2858BFB4002D4E48 /* NetworkManager.swift in Sources */ = {isa = PBXBuildFile; fileRef = 32A9688E2858BFB4002D4E48 /* NetworkManager.swift */; };
		32A968922858C970002D4E48 /* ErrorMessage.swift in Sources */ = {isa = PBXBuildFile; fileRef = 32A968912858C970002D4E48 /* ErrorMessage.swift */; };
		32A968952858E795002D4E48 /* FollowerCell.swift in Sources */ = {isa = PBXBuildFile; fileRef = 32A968942858E795002D4E48 /* FollowerCell.swift */; };
		32A968972858E813002D4E48 /* GHAvatarView.swift in Sources */ = {isa = PBXBuildFile; fileRef = 32A968962858E813002D4E48 /* GHAvatarView.swift */; };
		32A9689C285A3E39002D4E48 /* UIHelper.swift in Sources */ = {isa = PBXBuildFile; fileRef = 32A9689B285A3E39002D4E48 /* UIHelper.swift */; };
		32A968A1285A5190002D4E48 /* GHEmptyStateView.swift in Sources */ = {isa = PBXBuildFile; fileRef = 32A968A0285A5190002D4E48 /* GHEmptyStateView.swift */; };
		32A968C5285CA69D002D4E48 /* UserInfoViewController.swift in Sources */ = {isa = PBXBuildFile; fileRef = 32A968C4285CA69D002D4E48 /* UserInfoViewController.swift */; };
		32A968C7285CB76A002D4E48 /* GHHeaderInfoViewController.swift in Sources */ = {isa = PBXBuildFile; fileRef = 32A968C6285CB76A002D4E48 /* GHHeaderInfoViewController.swift */; };
		32A968C9285CBBE9002D4E48 /* GHSecondaryTitleLabel.swift in Sources */ = {isa = PBXBuildFile; fileRef = 32A968C8285CBBE9002D4E48 /* GHSecondaryTitleLabel.swift */; };
		32A968CB285CC2DF002D4E48 /* Constants.swift in Sources */ = {isa = PBXBuildFile; fileRef = 32A968CA285CC2DF002D4E48 /* Constants.swift */; };
		32A968CD285CDC6A002D4E48 /* GHInfoItemView.swift in Sources */ = {isa = PBXBuildFile; fileRef = 32A968CC285CDC6A002D4E48 /* GHInfoItemView.swift */; };
		32A968D3285CE21C002D4E48 /* GHItemInfoViewController.swift in Sources */ = {isa = PBXBuildFile; fileRef = 32A968D2285CE21C002D4E48 /* GHItemInfoViewController.swift */; };
		32A968D5285CE6AC002D4E48 /* GHRepoItemViewController.swift in Sources */ = {isa = PBXBuildFile; fileRef = 32A968D4285CE6AC002D4E48 /* GHRepoItemViewController.swift */; };
		32A968D7285CE88B002D4E48 /* GHFollowerItemViewController.swift in Sources */ = {isa = PBXBuildFile; fileRef = 32A968D6285CE88B002D4E48 /* GHFollowerItemViewController.swift */; };
		32A968DC285CEF7B002D4E48 /* Date+Ext.swift in Sources */ = {isa = PBXBuildFile; fileRef = 32A968DB285CEF7B002D4E48 /* Date+Ext.swift */; };
		32A968DE285CEFAF002D4E48 /* String+Ext.swift in Sources */ = {isa = PBXBuildFile; fileRef = 32A968DD285CEFAF002D4E48 /* String+Ext.swift */; };
		32E35F1028609CB60055FFB2 /* PersistenceManager.swift in Sources */ = {isa = PBXBuildFile; fileRef = 32E35F0F28609CB60055FFB2 /* PersistenceManager.swift */; };
		32E35F122860B1BD0055FFB2 /* FavoriteCell.swift in Sources */ = {isa = PBXBuildFile; fileRef = 32E35F112860B1BD0055FFB2 /* FavoriteCell.swift */; };
/* End PBXBuildFile section */

/* Begin PBXFileReference section */
		321E2D5B28737C8100D415B3 /* UIView+Ext.swift */ = {isa = PBXFileReference; lastKnownFileType = sourcecode.swift; path = "UIView+Ext.swift"; sourceTree = "<group>"; };
		321E2D5D2873863C00D415B3 /* UITableView+Ext.swift */ = {isa = PBXFileReference; lastKnownFileType = sourcecode.swift; path = "UITableView+Ext.swift"; sourceTree = "<group>"; };
		329BEC0F286383D0009695A2 /* GHTabBarController.swift */ = {isa = PBXFileReference; lastKnownFileType = sourcecode.swift; path = GHTabBarController.swift; sourceTree = "<group>"; };
		329BEC112863B0B5009695A2 /* GHAlertContainerView.swift */ = {isa = PBXFileReference; lastKnownFileType = sourcecode.swift; path = GHAlertContainerView.swift; sourceTree = "<group>"; };
		329BEC132863B9D1009695A2 /* GHDataLoadingViewController.swift */ = {isa = PBXFileReference; lastKnownFileType = sourcecode.swift; path = GHDataLoadingViewController.swift; sourceTree = "<group>"; };
		32A968562857A17D002D4E48 /* GithubApp.app */ = {isa = PBXFileReference; explicitFileType = wrapper.application; includeInIndex = 0; path = GithubApp.app; sourceTree = BUILT_PRODUCTS_DIR; };
		32A968592857A17D002D4E48 /* AppDelegate.swift */ = {isa = PBXFileReference; lastKnownFileType = sourcecode.swift; path = AppDelegate.swift; sourceTree = "<group>"; };
		32A9685B2857A17D002D4E48 /* SceneDelegate.swift */ = {isa = PBXFileReference; lastKnownFileType = sourcecode.swift; path = SceneDelegate.swift; sourceTree = "<group>"; };
		32A9685D2857A17D002D4E48 /* TabBarController.swift */ = {isa = PBXFileReference; lastKnownFileType = sourcecode.swift; path = TabBarController.swift; sourceTree = "<group>"; };
		32A968622857A180002D4E48 /* Assets.xcassets */ = {isa = PBXFileReference; lastKnownFileType = folder.assetcatalog; path = Assets.xcassets; sourceTree = "<group>"; };
		32A968652857A180002D4E48 /* Base */ = {isa = PBXFileReference; lastKnownFileType = file.storyboard; name = Base; path = Base.lproj/LaunchScreen.storyboard; sourceTree = "<group>"; };
		32A968672857A180002D4E48 /* Info.plist */ = {isa = PBXFileReference; lastKnownFileType = text.plist.xml; path = Info.plist; sourceTree = "<group>"; };
		32A9686E2857A5EB002D4E48 /* SearchViewController.swift */ = {isa = PBXFileReference; lastKnownFileType = sourcecode.swift; path = SearchViewController.swift; sourceTree = "<group>"; };
		32A968702857A5FB002D4E48 /* FavoritesViewController.swift */ = {isa = PBXFileReference; lastKnownFileType = sourcecode.swift; path = FavoritesViewController.swift; sourceTree = "<group>"; };
		32A968722857AA92002D4E48 /* GHButton.swift */ = {isa = PBXFileReference; lastKnownFileType = sourcecode.swift; path = GHButton.swift; sourceTree = "<group>"; };
		32A968742857AE1E002D4E48 /* GHTextField.swift */ = {isa = PBXFileReference; lastKnownFileType = sourcecode.swift; path = GHTextField.swift; sourceTree = "<group>"; };
		32A968762857CA3F002D4E48 /* FollowerListViewController.swift */ = {isa = PBXFileReference; lastKnownFileType = sourcecode.swift; path = FollowerListViewController.swift; sourceTree = "<group>"; };
		32A968782857D495002D4E48 /* GHTitleLabel.swift */ = {isa = PBXFileReference; lastKnownFileType = sourcecode.swift; path = GHTitleLabel.swift; sourceTree = "<group>"; };
		32A9687A2857D680002D4E48 /* GHBodyLabel.swift */ = {isa = PBXFileReference; lastKnownFileType = sourcecode.swift; path = GHBodyLabel.swift; sourceTree = "<group>"; };
		32A9687C2857D733002D4E48 /* GHAlertViewController.swift */ = {isa = PBXFileReference; lastKnownFileType = sourcecode.swift; path = GHAlertViewController.swift; sourceTree = "<group>"; };
		32A968822857E154002D4E48 /* UIViewController+Ext.swift */ = {isa = PBXFileReference; lastKnownFileType = sourcecode.swift; path = "UIViewController+Ext.swift"; sourceTree = "<group>"; };
		32A968882858B917002D4E48 /* Follower.swift */ = {isa = PBXFileReference; lastKnownFileType = sourcecode.swift; path = Follower.swift; sourceTree = "<group>"; };
		32A9688A2858B9DE002D4E48 /* User.swift */ = {isa = PBXFileReference; lastKnownFileType = sourcecode.swift; path = User.swift; sourceTree = "<group>"; };
		32A9688E2858BFB4002D4E48 /* NetworkManager.swift */ = {isa = PBXFileReference; lastKnownFileType = sourcecode.swift; path = NetworkManager.swift; sourceTree = "<group>"; };
		32A968912858C970002D4E48 /* ErrorMessage.swift */ = {isa = PBXFileReference; lastKnownFileType = sourcecode.swift; path = ErrorMessage.swift; sourceTree = "<group>"; };
		32A968942858E795002D4E48 /* FollowerCell.swift */ = {isa = PBXFileReference; lastKnownFileType = sourcecode.swift; path = FollowerCell.swift; sourceTree = "<group>"; };
		32A968962858E813002D4E48 /* GHAvatarView.swift */ = {isa = PBXFileReference; lastKnownFileType = sourcecode.swift; path = GHAvatarView.swift; sourceTree = "<group>"; };
		32A9689B285A3E39002D4E48 /* UIHelper.swift */ = {isa = PBXFileReference; lastKnownFileType = sourcecode.swift; path = UIHelper.swift; sourceTree = "<group>"; };
		32A968A0285A5190002D4E48 /* GHEmptyStateView.swift */ = {isa = PBXFileReference; lastKnownFileType = sourcecode.swift; path = GHEmptyStateView.swift; sourceTree = "<group>"; };
		32A968C4285CA69D002D4E48 /* UserInfoViewController.swift */ = {isa = PBXFileReference; lastKnownFileType = sourcecode.swift; path = UserInfoViewController.swift; sourceTree = "<group>"; };
		32A968C6285CB76A002D4E48 /* GHHeaderInfoViewController.swift */ = {isa = PBXFileReference; lastKnownFileType = sourcecode.swift; path = GHHeaderInfoViewController.swift; sourceTree = "<group>"; };
		32A968C8285CBBE9002D4E48 /* GHSecondaryTitleLabel.swift */ = {isa = PBXFileReference; lastKnownFileType = sourcecode.swift; path = GHSecondaryTitleLabel.swift; sourceTree = "<group>"; };
		32A968CA285CC2DF002D4E48 /* Constants.swift */ = {isa = PBXFileReference; lastKnownFileType = sourcecode.swift; path = Constants.swift; sourceTree = "<group>"; };
		32A968CC285CDC6A002D4E48 /* GHInfoItemView.swift */ = {isa = PBXFileReference; lastKnownFileType = sourcecode.swift; path = GHInfoItemView.swift; sourceTree = "<group>"; };
		32A968D2285CE21C002D4E48 /* GHItemInfoViewController.swift */ = {isa = PBXFileReference; lastKnownFileType = sourcecode.swift; path = GHItemInfoViewController.swift; sourceTree = "<group>"; };
		32A968D4285CE6AC002D4E48 /* GHRepoItemViewController.swift */ = {isa = PBXFileReference; lastKnownFileType = sourcecode.swift; path = GHRepoItemViewController.swift; sourceTree = "<group>"; };
		32A968D6285CE88B002D4E48 /* GHFollowerItemViewController.swift */ = {isa = PBXFileReference; lastKnownFileType = sourcecode.swift; path = GHFollowerItemViewController.swift; sourceTree = "<group>"; };
		32A968DB285CEF7B002D4E48 /* Date+Ext.swift */ = {isa = PBXFileReference; lastKnownFileType = sourcecode.swift; path = "Date+Ext.swift"; sourceTree = "<group>"; };
		32A968DD285CEFAF002D4E48 /* String+Ext.swift */ = {isa = PBXFileReference; lastKnownFileType = sourcecode.swift; path = "String+Ext.swift"; sourceTree = "<group>"; };
		32E35F0F28609CB60055FFB2 /* PersistenceManager.swift */ = {isa = PBXFileReference; lastKnownFileType = sourcecode.swift; path = PersistenceManager.swift; sourceTree = "<group>"; };
		32E35F112860B1BD0055FFB2 /* FavoriteCell.swift */ = {isa = PBXFileReference; lastKnownFileType = sourcecode.swift; path = FavoriteCell.swift; sourceTree = "<group>"; };
/* End PBXFileReference section */

/* Begin PBXFrameworksBuildPhase section */
		32A968532857A17D002D4E48 /* Frameworks */ = {
			isa = PBXFrameworksBuildPhase;
			buildActionMask = 2147483647;
			files = (
			);
			runOnlyForDeploymentPostprocessing = 0;
		};
/* End PBXFrameworksBuildPhase section */

/* Begin PBXGroup section */
		329BEC0E286383B2009695A2 /* TabBarControllers */ = {
			isa = PBXGroup;
			children = (
				329BEC0F286383D0009695A2 /* GHTabBarController.swift */,
			);
			path = TabBarControllers;
			sourceTree = "<group>";
		};
		32A9684D2857A17D002D4E48 = {
			isa = PBXGroup;
			children = (
				32A968582857A17D002D4E48 /* GithubApp */,
				32A968572857A17D002D4E48 /* Products */,
			);
			sourceTree = "<group>";
		};
		32A968572857A17D002D4E48 /* Products */ = {
			isa = PBXGroup;
			children = (
				32A968562857A17D002D4E48 /* GithubApp.app */,
			);
			name = Products;
			sourceTree = "<group>";
		};
		32A968582857A17D002D4E48 /* GithubApp */ = {
			isa = PBXGroup;
			children = (
				32A968902858C95B002D4E48 /* Utilities */,
				32A9688D2858BFA3002D4E48 /* Managers */,
				32A968872858B908002D4E48 /* Model */,
				32A968862858B1ED002D4E48 /* Extensions */,
				32A968852858B1BB002D4E48 /* Custom Views */,
				32A968842858B188002D4E48 /* Controllers */,
				32A968672857A180002D4E48 /* Info.plist */,
				32A9686D2857A35E002D4E48 /* Files */,
				32A9685D2857A17D002D4E48 /* TabBarController.swift */,
			);
			path = GithubApp;
			sourceTree = "<group>";
		};
		32A9686D2857A35E002D4E48 /* Files */ = {
			isa = PBXGroup;
			children = (
				32A9685B2857A17D002D4E48 /* SceneDelegate.swift */,
				32A968592857A17D002D4E48 /* AppDelegate.swift */,
				32A968622857A180002D4E48 /* Assets.xcassets */,
				32A968642857A180002D4E48 /* LaunchScreen.storyboard */,
			);
			path = Files;
			sourceTree = "<group>";
		};
		32A968842858B188002D4E48 /* Controllers */ = {
			isa = PBXGroup;
			children = (
				32A9686E2857A5EB002D4E48 /* SearchViewController.swift */,
				32A968762857CA3F002D4E48 /* FollowerListViewController.swift */,
				32A968702857A5FB002D4E48 /* FavoritesViewController.swift */,
				32A968C4285CA69D002D4E48 /* UserInfoViewController.swift */,
			);
			path = Controllers;
			sourceTree = "<group>";
		};
		32A968852858B1BB002D4E48 /* Custom Views */ = {
			isa = PBXGroup;
			children = (
				329BEC0E286383B2009695A2 /* TabBarControllers */,
				32A9689F285A514C002D4E48 /* Labels */,
				32A9689E285A513A002D4E48 /* Buttons */,
				32A9689D285A5133002D4E48 /* Views */,
				32A968932858E753002D4E48 /* Cells */,
				32A9687C2857D733002D4E48 /* GHAlertViewController.swift */,
				32A968742857AE1E002D4E48 /* GHTextField.swift */,
			);
			path = "Custom Views";
			sourceTree = "<group>";
		};
		32A968862858B1ED002D4E48 /* Extensions */ = {
			isa = PBXGroup;
			children = (
				32A968822857E154002D4E48 /* UIViewController+Ext.swift */,
				32A968DB285CEF7B002D4E48 /* Date+Ext.swift */,
				32A968DD285CEFAF002D4E48 /* String+Ext.swift */,
				321E2D5B28737C8100D415B3 /* UIView+Ext.swift */,
				321E2D5D2873863C00D415B3 /* UITableView+Ext.swift */,
			);
			path = Extensions;
			sourceTree = "<group>";
		};
		32A968872858B908002D4E48 /* Model */ = {
			isa = PBXGroup;
			children = (
				32A968882858B917002D4E48 /* Follower.swift */,
				32A9688A2858B9DE002D4E48 /* User.swift */,
			);
			path = Model;
			sourceTree = "<group>";
		};
		32A9688D2858BFA3002D4E48 /* Managers */ = {
			isa = PBXGroup;
			children = (
				32A9688E2858BFB4002D4E48 /* NetworkManager.swift */,
				32E35F0F28609CB60055FFB2 /* PersistenceManager.swift */,
			);
			path = Managers;
			sourceTree = "<group>";
		};
		32A968902858C95B002D4E48 /* Utilities */ = {
			isa = PBXGroup;
			children = (
				32A968912858C970002D4E48 /* ErrorMessage.swift */,
				32A9689B285A3E39002D4E48 /* UIHelper.swift */,
				32A968CA285CC2DF002D4E48 /* Constants.swift */,
			);
			path = Utilities;
			sourceTree = "<group>";
		};
		32A968932858E753002D4E48 /* Cells */ = {
			isa = PBXGroup;
			children = (
				32A968942858E795002D4E48 /* FollowerCell.swift */,
				32E35F112860B1BD0055FFB2 /* FavoriteCell.swift */,
			);
			path = Cells;
			sourceTree = "<group>";
		};
		32A9689D285A5133002D4E48 /* Views */ = {
			isa = PBXGroup;
			children = (
				329BEC112863B0B5009695A2 /* GHAlertContainerView.swift */,
				32A968A0285A5190002D4E48 /* GHEmptyStateView.swift */,
				32A968D8285CE8D7002D4E48 /* ItemInfo */,
				32A968962858E813002D4E48 /* GHAvatarView.swift */,
				32A968C6285CB76A002D4E48 /* GHHeaderInfoViewController.swift */,
				329BEC132863B9D1009695A2 /* GHDataLoadingViewController.swift */,
			);
			path = Views;
			sourceTree = "<group>";
		};
		32A9689E285A513A002D4E48 /* Buttons */ = {
			isa = PBXGroup;
			children = (
				32A968722857AA92002D4E48 /* GHButton.swift */,
			);
			path = Buttons;
			sourceTree = "<group>";
		};
		32A9689F285A514C002D4E48 /* Labels */ = {
			isa = PBXGroup;
			children = (
				32A968782857D495002D4E48 /* GHTitleLabel.swift */,
				32A9687A2857D680002D4E48 /* GHBodyLabel.swift */,
				32A968C8285CBBE9002D4E48 /* GHSecondaryTitleLabel.swift */,
			);
			path = Labels;
			sourceTree = "<group>";
		};
		32A968D8285CE8D7002D4E48 /* ItemInfo */ = {
			isa = PBXGroup;
			children = (
				32A968CC285CDC6A002D4E48 /* GHInfoItemView.swift */,
				32A968D2285CE21C002D4E48 /* GHItemInfoViewController.swift */,
				32A968D6285CE88B002D4E48 /* GHFollowerItemViewController.swift */,
				32A968D4285CE6AC002D4E48 /* GHRepoItemViewController.swift */,
			);
			path = ItemInfo;
			sourceTree = "<group>";
		};
/* End PBXGroup section */

/* Begin PBXNativeTarget section */
		32A968552857A17D002D4E48 /* GithubApp */ = {
			isa = PBXNativeTarget;
			buildConfigurationList = 32A9686A2857A180002D4E48 /* Build configuration list for PBXNativeTarget "GithubApp" */;
			buildPhases = (
				32A968522857A17D002D4E48 /* Sources */,
				32A968532857A17D002D4E48 /* Frameworks */,
				32A968542857A17D002D4E48 /* Resources */,
			);
			buildRules = (
			);
			dependencies = (
			);
			name = GithubApp;
			productName = GithubApp;
			productReference = 32A968562857A17D002D4E48 /* GithubApp.app */;
			productType = "com.apple.product-type.application";
		};
/* End PBXNativeTarget section */

/* Begin PBXProject section */
		32A9684E2857A17D002D4E48 /* Project object */ = {
			isa = PBXProject;
			attributes = {
				BuildIndependentTargetsInParallel = 1;
				LastSwiftUpdateCheck = 1330;
				LastUpgradeCheck = 1330;
				TargetAttributes = {
					32A968552857A17D002D4E48 = {
						CreatedOnToolsVersion = 13.3.1;
					};
				};
			};
			buildConfigurationList = 32A968512857A17D002D4E48 /* Build configuration list for PBXProject "GithubApp" */;
			compatibilityVersion = "Xcode 13.0";
			developmentRegion = en;
			hasScannedForEncodings = 0;
			knownRegions = (
				en,
				Base,
			);
			mainGroup = 32A9684D2857A17D002D4E48;
			productRefGroup = 32A968572857A17D002D4E48 /* Products */;
			projectDirPath = "";
			projectRoot = "";
			targets = (
				32A968552857A17D002D4E48 /* GithubApp */,
			);
		};
/* End PBXProject section */

/* Begin PBXResourcesBuildPhase section */
		32A968542857A17D002D4E48 /* Resources */ = {
			isa = PBXResourcesBuildPhase;
			buildActionMask = 2147483647;
			files = (
				32A968662857A180002D4E48 /* LaunchScreen.storyboard in Resources */,
				32A968632857A180002D4E48 /* Assets.xcassets in Resources */,
			);
			runOnlyForDeploymentPostprocessing = 0;
		};
/* End PBXResourcesBuildPhase section */

/* Begin PBXSourcesBuildPhase section */
		32A968522857A17D002D4E48 /* Sources */ = {
			isa = PBXSourcesBuildPhase;
			buildActionMask = 2147483647;
			files = (
				329BEC10286383D0009695A2 /* GHTabBarController.swift in Sources */,
				32A968792857D495002D4E48 /* GHTitleLabel.swift in Sources */,
				32A968C9285CBBE9002D4E48 /* GHSecondaryTitleLabel.swift in Sources */,
				32A968C5285CA69D002D4E48 /* UserInfoViewController.swift in Sources */,
				32A968772857CA3F002D4E48 /* FollowerListViewController.swift in Sources */,
				32A968832857E154002D4E48 /* UIViewController+Ext.swift in Sources */,
				329BEC122863B0B5009695A2 /* GHAlertContainerView.swift in Sources */,
				32A968732857AA92002D4E48 /* GHButton.swift in Sources */,
				32A9685E2857A17D002D4E48 /* TabBarController.swift in Sources */,
				32A968CD285CDC6A002D4E48 /* GHInfoItemView.swift in Sources */,
				32A968D7285CE88B002D4E48 /* GHFollowerItemViewController.swift in Sources */,
				321E2D5E2873863C00D415B3 /* UITableView+Ext.swift in Sources */,
				32A968DC285CEF7B002D4E48 /* Date+Ext.swift in Sources */,
				32A9687D2857D733002D4E48 /* GHAlertViewController.swift in Sources */,
				32A9688B2858B9DE002D4E48 /* User.swift in Sources */,
				32E35F1028609CB60055FFB2 /* PersistenceManager.swift in Sources */,
				32A968D3285CE21C002D4E48 /* GHItemInfoViewController.swift in Sources */,
				32A968A1285A5190002D4E48 /* GHEmptyStateView.swift in Sources */,
				32A968952858E795002D4E48 /* FollowerCell.swift in Sources */,
				32A9685A2857A17D002D4E48 /* AppDelegate.swift in Sources */,
				32A968892858B917002D4E48 /* Follower.swift in Sources */,
				32A968752857AE1E002D4E48 /* GHTextField.swift in Sources */,
				32A968DE285CEFAF002D4E48 /* String+Ext.swift in Sources */,
				32A9686F2857A5EB002D4E48 /* SearchViewController.swift in Sources */,
				32A968972858E813002D4E48 /* GHAvatarView.swift in Sources */,
				32A968712857A5FB002D4E48 /* FavoritesViewController.swift in Sources */,
				32A968922858C970002D4E48 /* ErrorMessage.swift in Sources */,
				32A9689C285A3E39002D4E48 /* UIHelper.swift in Sources */,
				32E35F122860B1BD0055FFB2 /* FavoriteCell.swift in Sources */,
				32A9688F2858BFB4002D4E48 /* NetworkManager.swift in Sources */,
				32A9685C2857A17D002D4E48 /* SceneDelegate.swift in Sources */,
				32A968D5285CE6AC002D4E48 /* GHRepoItemViewController.swift in Sources */,
				32A968C7285CB76A002D4E48 /* GHHeaderInfoViewController.swift in Sources */,
				321E2D5C28737C8100D415B3 /* UIView+Ext.swift in Sources */,
				32A9687B2857D680002D4E48 /* GHBodyLabel.swift in Sources */,
				329BEC142863B9D1009695A2 /* GHDataLoadingViewController.swift in Sources */,
				32A968CB285CC2DF002D4E48 /* Constants.swift in Sources */,
			);
			runOnlyForDeploymentPostprocessing = 0;
		};
/* End PBXSourcesBuildPhase section */

/* Begin PBXVariantGroup section */
		32A968642857A180002D4E48 /* LaunchScreen.storyboard */ = {
			isa = PBXVariantGroup;
			children = (
				32A968652857A180002D4E48 /* Base */,
			);
			name = LaunchScreen.storyboard;
			sourceTree = "<group>";
		};
/* End PBXVariantGroup section */

/* Begin XCBuildConfiguration section */
		32A968682857A180002D4E48 /* Debug */ = {
			isa = XCBuildConfiguration;
			buildSettings = {
				ALWAYS_SEARCH_USER_PATHS = NO;
				CLANG_ANALYZER_NONNULL = YES;
				CLANG_ANALYZER_NUMBER_OBJECT_CONVERSION = YES_AGGRESSIVE;
				CLANG_CXX_LANGUAGE_STANDARD = "gnu++17";
				CLANG_ENABLE_MODULES = YES;
				CLANG_ENABLE_OBJC_ARC = YES;
				CLANG_ENABLE_OBJC_WEAK = YES;
				CLANG_WARN_BLOCK_CAPTURE_AUTORELEASING = YES;
				CLANG_WARN_BOOL_CONVERSION = YES;
				CLANG_WARN_COMMA = YES;
				CLANG_WARN_CONSTANT_CONVERSION = YES;
				CLANG_WARN_DEPRECATED_OBJC_IMPLEMENTATIONS = YES;
				CLANG_WARN_DIRECT_OBJC_ISA_USAGE = YES_ERROR;
				CLANG_WARN_DOCUMENTATION_COMMENTS = YES;
				CLANG_WARN_EMPTY_BODY = YES;
				CLANG_WARN_ENUM_CONVERSION = YES;
				CLANG_WARN_INFINITE_RECURSION = YES;
				CLANG_WARN_INT_CONVERSION = YES;
				CLANG_WARN_NON_LITERAL_NULL_CONVERSION = YES;
				CLANG_WARN_OBJC_IMPLICIT_RETAIN_SELF = YES;
				CLANG_WARN_OBJC_LITERAL_CONVERSION = YES;
				CLANG_WARN_OBJC_ROOT_CLASS = YES_ERROR;
				CLANG_WARN_QUOTED_INCLUDE_IN_FRAMEWORK_HEADER = YES;
				CLANG_WARN_RANGE_LOOP_ANALYSIS = YES;
				CLANG_WARN_STRICT_PROTOTYPES = YES;
				CLANG_WARN_SUSPICIOUS_MOVE = YES;
				CLANG_WARN_UNGUARDED_AVAILABILITY = YES_AGGRESSIVE;
				CLANG_WARN_UNREACHABLE_CODE = YES;
				CLANG_WARN__DUPLICATE_METHOD_MATCH = YES;
				COPY_PHASE_STRIP = NO;
				DEBUG_INFORMATION_FORMAT = dwarf;
				ENABLE_STRICT_OBJC_MSGSEND = YES;
				ENABLE_TESTABILITY = YES;
				GCC_C_LANGUAGE_STANDARD = gnu11;
				GCC_DYNAMIC_NO_PIC = NO;
				GCC_NO_COMMON_BLOCKS = YES;
				GCC_OPTIMIZATION_LEVEL = 0;
				GCC_PREPROCESSOR_DEFINITIONS = (
					"DEBUG=1",
					"$(inherited)",
				);
				GCC_WARN_64_TO_32_BIT_CONVERSION = YES;
				GCC_WARN_ABOUT_RETURN_TYPE = YES_ERROR;
				GCC_WARN_UNDECLARED_SELECTOR = YES;
				GCC_WARN_UNINITIALIZED_AUTOS = YES_AGGRESSIVE;
				GCC_WARN_UNUSED_FUNCTION = YES;
				GCC_WARN_UNUSED_VARIABLE = YES;
				IPHONEOS_DEPLOYMENT_TARGET = 15.4;
				MTL_ENABLE_DEBUG_INFO = INCLUDE_SOURCE;
				MTL_FAST_MATH = YES;
				ONLY_ACTIVE_ARCH = YES;
				SDKROOT = iphoneos;
				SWIFT_ACTIVE_COMPILATION_CONDITIONS = DEBUG;
				SWIFT_OPTIMIZATION_LEVEL = "-Onone";
			};
			name = Debug;
		};
		32A968692857A180002D4E48 /* Release */ = {
			isa = XCBuildConfiguration;
			buildSettings = {
				ALWAYS_SEARCH_USER_PATHS = NO;
				CLANG_ANALYZER_NONNULL = YES;
				CLANG_ANALYZER_NUMBER_OBJECT_CONVERSION = YES_AGGRESSIVE;
				CLANG_CXX_LANGUAGE_STANDARD = "gnu++17";
				CLANG_ENABLE_MODULES = YES;
				CLANG_ENABLE_OBJC_ARC = YES;
				CLANG_ENABLE_OBJC_WEAK = YES;
				CLANG_WARN_BLOCK_CAPTURE_AUTORELEASING = YES;
				CLANG_WARN_BOOL_CONVERSION = YES;
				CLANG_WARN_COMMA = YES;
				CLANG_WARN_CONSTANT_CONVERSION = YES;
				CLANG_WARN_DEPRECATED_OBJC_IMPLEMENTATIONS = YES;
				CLANG_WARN_DIRECT_OBJC_ISA_USAGE = YES_ERROR;
				CLANG_WARN_DOCUMENTATION_COMMENTS = YES;
				CLANG_WARN_EMPTY_BODY = YES;
				CLANG_WARN_ENUM_CONVERSION = YES;
				CLANG_WARN_INFINITE_RECURSION = YES;
				CLANG_WARN_INT_CONVERSION = YES;
				CLANG_WARN_NON_LITERAL_NULL_CONVERSION = YES;
				CLANG_WARN_OBJC_IMPLICIT_RETAIN_SELF = YES;
				CLANG_WARN_OBJC_LITERAL_CONVERSION = YES;
				CLANG_WARN_OBJC_ROOT_CLASS = YES_ERROR;
				CLANG_WARN_QUOTED_INCLUDE_IN_FRAMEWORK_HEADER = YES;
				CLANG_WARN_RANGE_LOOP_ANALYSIS = YES;
				CLANG_WARN_STRICT_PROTOTYPES = YES;
				CLANG_WARN_SUSPICIOUS_MOVE = YES;
				CLANG_WARN_UNGUARDED_AVAILABILITY = YES_AGGRESSIVE;
				CLANG_WARN_UNREACHABLE_CODE = YES;
				CLANG_WARN__DUPLICATE_METHOD_MATCH = YES;
				COPY_PHASE_STRIP = NO;
				DEBUG_INFORMATION_FORMAT = "dwarf-with-dsym";
				ENABLE_NS_ASSERTIONS = NO;
				ENABLE_STRICT_OBJC_MSGSEND = YES;
				GCC_C_LANGUAGE_STANDARD = gnu11;
				GCC_NO_COMMON_BLOCKS = YES;
				GCC_WARN_64_TO_32_BIT_CONVERSION = YES;
				GCC_WARN_ABOUT_RETURN_TYPE = YES_ERROR;
				GCC_WARN_UNDECLARED_SELECTOR = YES;
				GCC_WARN_UNINITIALIZED_AUTOS = YES_AGGRESSIVE;
				GCC_WARN_UNUSED_FUNCTION = YES;
				GCC_WARN_UNUSED_VARIABLE = YES;
				IPHONEOS_DEPLOYMENT_TARGET = 15.4;
				MTL_ENABLE_DEBUG_INFO = NO;
				MTL_FAST_MATH = YES;
				SDKROOT = iphoneos;
				SWIFT_COMPILATION_MODE = wholemodule;
				SWIFT_OPTIMIZATION_LEVEL = "-O";
				VALIDATE_PRODUCT = YES;
			};
			name = Release;
		};
		32A9686B2857A180002D4E48 /* Debug */ = {
			isa = XCBuildConfiguration;
			buildSettings = {
				ASSETCATALOG_COMPILER_APPICON_NAME = AppIcon;
				ASSETCATALOG_COMPILER_GLOBAL_ACCENT_COLOR_NAME = AccentColor;
				CODE_SIGN_STYLE = Automatic;
				CURRENT_PROJECT_VERSION = 1;
				DEVELOPMENT_TEAM = 8U63ZP8KK6;
				GENERATE_INFOPLIST_FILE = YES;
				INFOPLIST_FILE = GithubApp/Info.plist;
				INFOPLIST_KEY_UIApplicationSupportsIndirectInputEvents = YES;
				INFOPLIST_KEY_UILaunchStoryboardName = LaunchScreen;
				INFOPLIST_KEY_UISupportedInterfaceOrientations_iPad = "UIInterfaceOrientationPortrait UIInterfaceOrientationPortraitUpsideDown UIInterfaceOrientationLandscapeLeft UIInterfaceOrientationLandscapeRight";
				INFOPLIST_KEY_UISupportedInterfaceOrientations_iPhone = "UIInterfaceOrientationPortrait UIInterfaceOrientationLandscapeLeft UIInterfaceOrientationLandscapeRight";
				IPHONEOS_DEPLOYMENT_TARGET = 15.4;
				LD_RUNPATH_SEARCH_PATHS = (
					"$(inherited)",
					"@executable_path/Frameworks",
				);
				MARKETING_VERSION = 1.0;
				PRODUCT_BUNDLE_IDENTIFIER = com.jasondubon.GithubApp;
				PRODUCT_NAME = "$(TARGET_NAME)";
				SWIFT_EMIT_LOC_STRINGS = YES;
				SWIFT_VERSION = 5.0;
				TARGETED_DEVICE_FAMILY = 1;
			};
			name = Debug;
		};
		32A9686C2857A180002D4E48 /* Release */ = {
			isa = XCBuildConfiguration;
			buildSettings = {
				ASSETCATALOG_COMPILER_APPICON_NAME = AppIcon;
				ASSETCATALOG_COMPILER_GLOBAL_ACCENT_COLOR_NAME = AccentColor;
				CODE_SIGN_STYLE = Automatic;
				CURRENT_PROJECT_VERSION = 1;
				DEVELOPMENT_TEAM = 8U63ZP8KK6;
				GENERATE_INFOPLIST_FILE = YES;
				INFOPLIST_FILE = GithubApp/Info.plist;
				INFOPLIST_KEY_UIApplicationSupportsIndirectInputEvents = YES;
				INFOPLIST_KEY_UILaunchStoryboardName = LaunchScreen;
				INFOPLIST_KEY_UISupportedInterfaceOrientations_iPad = "UIInterfaceOrientationPortrait UIInterfaceOrientationPortraitUpsideDown UIInterfaceOrientationLandscapeLeft UIInterfaceOrientationLandscapeRight";
				INFOPLIST_KEY_UISupportedInterfaceOrientations_iPhone = "UIInterfaceOrientationPortrait UIInterfaceOrientationLandscapeLeft UIInterfaceOrientationLandscapeRight";
				IPHONEOS_DEPLOYMENT_TARGET = 15.4;
				LD_RUNPATH_SEARCH_PATHS = (
					"$(inherited)",
					"@executable_path/Frameworks",
				);
				MARKETING_VERSION = 1.0;
				PRODUCT_BUNDLE_IDENTIFIER = com.jasondubon.GithubApp;
				PRODUCT_NAME = "$(TARGET_NAME)";
				SWIFT_EMIT_LOC_STRINGS = YES;
				SWIFT_VERSION = 5.0;
				TARGETED_DEVICE_FAMILY = 1;
			};
			name = Release;
		};
/* End XCBuildConfiguration section */

/* Begin XCConfigurationList section */
		32A968512857A17D002D4E48 /* Build configuration list for PBXProject "GithubApp" */ = {
			isa = XCConfigurationList;
			buildConfigurations = (
				32A968682857A180002D4E48 /* Debug */,
				32A968692857A180002D4E48 /* Release */,
			);
			defaultConfigurationIsVisible = 0;
			defaultConfigurationName = Release;
		};
		32A9686A2857A180002D4E48 /* Build configuration list for PBXNativeTarget "GithubApp" */ = {
			isa = XCConfigurationList;
			buildConfigurations = (
				32A9686B2857A180002D4E48 /* Debug */,
				32A9686C2857A180002D4E48 /* Release */,
			);
			defaultConfigurationIsVisible = 0;
			defaultConfigurationName = Release;
		};
/* End XCConfigurationList section */
	};
	rootObject = 32A9684E2857A17D002D4E48 /* Project object */;
}
